
Microsoft Visual Studio Solution File, Format Version 12.00
# Visual Studio Version 16
VisualStudioVersion = 16.0.31702.278
MinimumVisualStudioVersion = 10.0.40219.1
Project("{9A19103F-16F7-4668-BE54-9A1E7A4F7556}") = "Gestao.Business", "src\Gestao.Business\Gestao.Business.csproj", "{783158A1-C9F3-449D-B29D-86A9001AAFAA}"
EndProject
Global
	GlobalSection(SolutionConfigurationPlatforms) = preSolution
		Debug|Any CPU = Debug|Any CPU
		Release|Any CPU = Release|Any CPU
	EndGlobalSection
	GlobalSection(ProjectConfigurationPlatforms) = postSolution
		{783158A1-C9F3-449D-B29D-86A9001AAFAA}.Debug|Any CPU.ActiveCfg = Debug|Any CPU
		{783158A1-C9F3-449D-B29D-86A9001AAFAA}.Debug|Any CPU.Build.0 = Debug|Any CPU
		{783158A1-C9F3-449D-B29D-86A9001AAFAA}.Release|Any CPU.ActiveCfg = Release|Any CPU
		{783158A1-C9F3-449D-B29D-86A9001AAFAA}.Release|Any CPU.Build.0 = Release|Any CPU
	EndGlobalSection
	GlobalSection(SolutionProperties) = preSolution
		HideSolutionNode = FALSE
	EndGlobalSection
	GlobalSection(ExtensibilityGlobals) = postSolution
		SolutionGuid = {5EE614B6-F20C-4263-BB04-6411FC493CE4}
	EndGlobalSection
EndGlobal
